
Microsoft Visual Studio Solution File, Format Version 12.00
# Visual Studio Version 16
VisualStudioVersion = 16.0.30309.148
MinimumVisualStudioVersion = 10.0.40219.1
Project("{FAE04EC0-301F-11D3-BF4B-00C04F79EFBC}") = "Teksystems", "Teksystems\Teksystems.csproj", "{5AEFD628-2FB9-4710-9EF1-F83D589F3CF8}"
EndProject
Project("{FAE04EC0-301F-11D3-BF4B-00C04F79EFBC}") = "Teksystems.Tests", "Teksystems.Tests\Teksystems.Tests.csproj", "{F80CBFF0-BD3C-42CD-9E4D-9D08058BF0AF}"
EndProject
Global
	GlobalSection(SolutionConfigurationPlatforms) = preSolution
		Debug|Any CPU = Debug|Any CPU
		Release|Any CPU = Release|Any CPU
	EndGlobalSection
	GlobalSection(ProjectConfigurationPlatforms) = postSolution
		{5AEFD628-2FB9-4710-9EF1-F83D589F3CF8}.Debug|Any CPU.ActiveCfg = Debug|Any CPU
		{5AEFD628-2FB9-4710-9EF1-F83D589F3CF8}.Debug|Any CPU.Build.0 = Debug|Any CPU
		{5AEFD628-2FB9-4710-9EF1-F83D589F3CF8}.Release|Any CPU.ActiveCfg = Release|Any CPU
		{5AEFD628-2FB9-4710-9EF1-F83D589F3CF8}.Release|Any CPU.Build.0 = Release|Any CPU
		{F80CBFF0-BD3C-42CD-9E4D-9D08058BF0AF}.Debug|Any CPU.ActiveCfg = Debug|Any CPU
		{F80CBFF0-BD3C-42CD-9E4D-9D08058BF0AF}.Debug|Any CPU.Build.0 = Debug|Any CPU
		{F80CBFF0-BD3C-42CD-9E4D-9D08058BF0AF}.Release|Any CPU.ActiveCfg = Release|Any CPU
		{F80CBFF0-BD3C-42CD-9E4D-9D08058BF0AF}.Release|Any CPU.Build.0 = Release|Any CPU
	EndGlobalSection
	GlobalSection(SolutionProperties) = preSolution
		HideSolutionNode = FALSE
	EndGlobalSection
	GlobalSection(ExtensibilityGlobals) = postSolution
		SolutionGuid = {5CFA1083-5755-4212-B560-7B923D83BD93}
	EndGlobalSection
EndGlobal
